
Microsoft Visual Studio Solution File, Format Version 12.00
# Visual Studio Version 17
VisualStudioVersion = 17.11.35327.3
MinimumVisualStudioVersion = 10.0.40219.1
Project("{9A19103F-16F7-4668-BE54-9A1E7A4F7556}") = "SIMS", "SIMS\SIMS.csproj", "{640E122A-7852-41B5-8669-348AC26547F9}"
EndProject
Project("{FAE04EC0-301F-11D3-BF4B-00C04F79EFBC}") = "SIMS.Data", "SIMS.Data\SIMS.Data.csproj", "{9FF1ECF2-3EBF-4EA7-8B27-DDE0D7E64F64}"
EndProject
Global
	GlobalSection(SolutionConfigurationPlatforms) = preSolution
		Debug|Any CPU = Debug|Any CPU
		Release|Any CPU = Release|Any CPU
	EndGlobalSection
	GlobalSection(ProjectConfigurationPlatforms) = postSolution
		{640E122A-7852-41B5-8669-348AC26547F9}.Debug|Any CPU.ActiveCfg = Debug|Any CPU
		{640E122A-7852-41B5-8669-348AC26547F9}.Debug|Any CPU.Build.0 = Debug|Any CPU
		{640E122A-7852-41B5-8669-348AC26547F9}.Release|Any CPU.ActiveCfg = Release|Any CPU
		{640E122A-7852-41B5-8669-348AC26547F9}.Release|Any CPU.Build.0 = Release|Any CPU
		{9FF1ECF2-3EBF-4EA7-8B27-DDE0D7E64F64}.Debug|Any CPU.ActiveCfg = Debug|Any CPU
		{9FF1ECF2-3EBF-4EA7-8B27-DDE0D7E64F64}.Debug|Any CPU.Build.0 = Debug|Any CPU
		{9FF1ECF2-3EBF-4EA7-8B27-DDE0D7E64F64}.Release|Any CPU.ActiveCfg = Release|Any CPU
		{9FF1ECF2-3EBF-4EA7-8B27-DDE0D7E64F64}.Release|Any CPU.Build.0 = Release|Any CPU
	EndGlobalSection
	GlobalSection(SolutionProperties) = preSolution
		HideSolutionNode = FALSE
	EndGlobalSection
	GlobalSection(ExtensibilityGlobals) = postSolution
		SolutionGuid = {B06E3241-22D7-4F82-94D4-BB77F6A7B7B6}
	EndGlobalSection
EndGlobal
